
Microsoft Visual Studio Solution File, Format Version 12.00
# Visual Studio Version 17
VisualStudioVersion = 17.9.34728.123
MinimumVisualStudioVersion = 10.0.40219.1
Project("{FAE04EC0-301F-11D3-BF4B-00C04F79EFBC}") = "Structurio", "Structurio.csproj", "{3444F210-AAD4-48A2-840B-2AA1FBF36613}"
EndProject
Global
	GlobalSection(SolutionConfigurationPlatforms) = preSolution
		Debug|Any CPU = Debug|Any CPU
		Release|Any CPU = Release|Any CPU
	EndGlobalSection
	GlobalSection(ProjectConfigurationPlatforms) = postSolution
		{3444F210-AAD4-48A2-840B-2AA1FBF36613}.Debug|Any CPU.ActiveCfg = Debug|Any CPU
		{3444F210-AAD4-48A2-840B-2AA1FBF36613}.Debug|Any CPU.Build.0 = Debug|Any CPU
		{3444F210-AAD4-48A2-840B-2AA1FBF36613}.Release|Any CPU.ActiveCfg = Release|Any CPU
		{3444F210-AAD4-48A2-840B-2AA1FBF36613}.Release|Any CPU.Build.0 = Release|Any CPU
	EndGlobalSection
	GlobalSection(SolutionProperties) = preSolution
		HideSolutionNode = FALSE
	EndGlobalSection
	GlobalSection(ExtensibilityGlobals) = postSolution
		SolutionGuid = {2A64A980-F18D-4E42-9DA8-5C3D46AD5612}
	EndGlobalSection
EndGlobal
